// !$*UTF8*$!
{
	archiveVersion = 1;
	classes = {
	};
	objectVersion = 50;
	objects = {

/* Begin PBXBuildFile section */
		DB024571234A08310012D5F6 /* GTFramework.framework in Frameworks */ = {isa = PBXBuildFile; fileRef = DB02456F234A07E10012D5F6 /* GTFramework.framework */; };
		DB024572234A08310012D5F6 /* GTFramework.framework in Embed Frameworks */ = {isa = PBXBuildFile; fileRef = DB02456F234A07E10012D5F6 /* GTFramework.framework */; settings = {ATTRIBUTES = (CodeSignOnCopy, RemoveHeadersOnCopy, ); }; };
		DB13D92C233CF54A007EF789 /* ToolBar.m in Sources */ = {isa = PBXBuildFile; fileRef = DB13D92B233CF54A007EF789 /* ToolBar.m */; };
		DB1B784D2349FA7200082549 /* libGTStatic.a in Frameworks */ = {isa = PBXBuildFile; fileRef = DB1B784B2349FA7200082549 /* libGTStatic.a */; };
		DB29521F2338A9780069A474 /* ListItem.m in Sources */ = {isa = PBXBuildFile; fileRef = DB29521E2338A9780069A474 /* ListItem.m */; };
		DB2E543C234775C200ACE6AC /* GTSplashView.m in Sources */ = {isa = PBXBuildFile; fileRef = DB2E543B234775C200ACE6AC /* GTSplashView.m */; };
		DB470622233CCE1900625107 /* VideoPlayer.m in Sources */ = {isa = PBXBuildFile; fileRef = DB470621233CCE1900625107 /* VideoPlayer.m */; };
		DB473A5E233B9DCE00F69151 /* VideoCollectionViewCell.m in Sources */ = {isa = PBXBuildFile; fileRef = DB473A5D233B9DCE00F69151 /* VideoCollectionViewCell.m */; };
		DB55999D23379407009358D6 /* AppDelegate.m in Sources */ = {isa = PBXBuildFile; fileRef = DB55999C23379407009358D6 /* AppDelegate.m */; };
		DB5599A023379407009358D6 /* ViewController.m in Sources */ = {isa = PBXBuildFile; fileRef = DB55999F23379407009358D6 /* ViewController.m */; };
		DB5599A323379407009358D6 /* Main.storyboard in Resources */ = {isa = PBXBuildFile; fileRef = DB5599A123379407009358D6 /* Main.storyboard */; };
		DB5599A523379409009358D6 /* Assets.xcassets in Resources */ = {isa = PBXBuildFile; fileRef = DB5599A423379409009358D6 /* Assets.xcassets */; };
		DB5599AB23379409009358D6 /* main.m in Sources */ = {isa = PBXBuildFile; fileRef = DB5599AA23379409009358D6 /* main.m */; };
		DB5599B323379506009358D6 /* DelCellView.m in Sources */ = {isa = PBXBuildFile; fileRef = DB5599B123379506009358D6 /* DelCellView.m */; };
		DB5599B823379515009358D6 /* RecommendViewController.m in Sources */ = {isa = PBXBuildFile; fileRef = DB5599B523379515009358D6 /* RecommendViewController.m */; };
		DB5599B923379515009358D6 /* VideoViewController.m in Sources */ = {isa = PBXBuildFile; fileRef = DB5599B623379515009358D6 /* VideoViewController.m */; };
		DB5599C123379674009358D6 /* WkViewController.m in Sources */ = {isa = PBXBuildFile; fileRef = DB5599BD23379674009358D6 /* WkViewController.m */; };
		DB5599C223379674009358D6 /* NormalTableViewCell.m in Sources */ = {isa = PBXBuildFile; fileRef = DB5599BF23379674009358D6 /* NormalTableViewCell.m */; };
		DB5599C723379746009358D6 /* ListLoader.m in Sources */ = {isa = PBXBuildFile; fileRef = DB5599C623379746009358D6 /* ListLoader.m */; };
		DB5599C9233798CF009358D6 /* icon.bundle in Resources */ = {isa = PBXBuildFile; fileRef = DB5599C8233798CF009358D6 /* icon.bundle */; };
		DB7C2D01234AE7D2008549E4 /* GTMineViewController.m in Sources */ = {isa = PBXBuildFile; fileRef = DB7C2D00234AE7D2008549E4 /* GTMineViewController.m */; };
		DB7C2D04234AE923008549E4 /* GTLogin.m in Sources */ = {isa = PBXBuildFile; fileRef = DB7C2D03234AE923008549E4 /* GTLogin.m */; };
		DB7C2D0A234AF5CF008549E4 /* TencentOpenAPI.framework in Frameworks */ = {isa = PBXBuildFile; fileRef = DB7C2D09234AF5CF008549E4 /* TencentOpenAPI.framework */; };
		DB7C2D0D234B0D5C008549E4 /* GTLocation.m in Sources */ = {isa = PBXBuildFile; fileRef = DB7C2D0C234B0D5C008549E4 /* GTLocation.m */; };
		DBC4BA1823473D9200B35C0E /* GTScreen.m in Sources */ = {isa = PBXBuildFile; fileRef = DBC4BA1723473D9200B35C0E /* GTScreen.m */; };
		DBC9DE7923482D4F0022F1F8 /* GTMediator.m in Sources */ = {isa = PBXBuildFile; fileRef = DBC9DE7823482D4F0022F1F8 /* GTMediator.m */; };
		EE4DF86B5FD4D310B9EE1D22 /* libPods-SimpleApp.a in Frameworks */ = {isa = PBXBuildFile; fileRef = F8BD867391C1632EB1E3B435 /* libPods-SimpleApp.a */; };
/* End PBXBuildFile section */

/* Begin PBXCopyFilesBuildPhase section */
		DB024573234A08310012D5F6 /* Embed Frameworks */ = {
			isa = PBXCopyFilesBuildPhase;
			buildActionMask = 2147483647;
			dstPath = "";
			dstSubfolderSpec = 10;
			files = (
				DB024572234A08310012D5F6 /* GTFramework.framework in Embed Frameworks */,
			);
			name = "Embed Frameworks";
			runOnlyForDeploymentPostprocessing = 0;
		};
/* End PBXCopyFilesBuildPhase section */

/* Begin PBXFileReference section */
		5E76F630E82DB139A5871E17 /* Pods-SimpleApp.debug.xcconfig */ = {isa = PBXFileReference; includeInIndex = 1; lastKnownFileType = text.xcconfig; name = "Pods-SimpleApp.debug.xcconfig"; path = "Target Support Files/Pods-SimpleApp/Pods-SimpleApp.debug.xcconfig"; sourceTree = "<group>"; };
		DB02456F234A07E10012D5F6 /* GTFramework.framework */ = {isa = PBXFileReference; lastKnownFileType = wrapper.framework; path = GTFramework.framework; sourceTree = "<group>"; };
		DB13D92A233CF54A007EF789 /* ToolBar.h */ = {isa = PBXFileReference; lastKnownFileType = sourcecode.c.h; path = ToolBar.h; sourceTree = "<group>"; };
		DB13D92B233CF54A007EF789 /* ToolBar.m */ = {isa = PBXFileReference; lastKnownFileType = sourcecode.c.objc; path = ToolBar.m; sourceTree = "<group>"; };
		DB1B784A2349FA7200082549 /* GTStaticTest.h */ = {isa = PBXFileReference; fileEncoding = 4; lastKnownFileType = sourcecode.c.h; path = GTStaticTest.h; sourceTree = "<group>"; };
		DB1B784B2349FA7200082549 /* libGTStatic.a */ = {isa = PBXFileReference; lastKnownFileType = archive.ar; path = libGTStatic.a; sourceTree = "<group>"; };
		DB1B784C2349FA7200082549 /* GTStatic.h */ = {isa = PBXFileReference; fileEncoding = 4; lastKnownFileType = sourcecode.c.h; path = GTStatic.h; sourceTree = "<group>"; };
		DB29521D2338A9780069A474 /* ListItem.h */ = {isa = PBXFileReference; lastKnownFileType = sourcecode.c.h; path = ListItem.h; sourceTree = "<group>"; };
		DB29521E2338A9780069A474 /* ListItem.m */ = {isa = PBXFileReference; lastKnownFileType = sourcecode.c.objc; path = ListItem.m; sourceTree = "<group>"; };
		DB2E543A234775C200ACE6AC /* GTSplashView.h */ = {isa = PBXFileReference; lastKnownFileType = sourcecode.c.h; path = GTSplashView.h; sourceTree = "<group>"; };
		DB2E543B234775C200ACE6AC /* GTSplashView.m */ = {isa = PBXFileReference; lastKnownFileType = sourcecode.c.objc; path = GTSplashView.m; sourceTree = "<group>"; };
		DB470620233CCE1900625107 /* VideoPlayer.h */ = {isa = PBXFileReference; lastKnownFileType = sourcecode.c.h; path = VideoPlayer.h; sourceTree = "<group>"; };
		DB470621233CCE1900625107 /* VideoPlayer.m */ = {isa = PBXFileReference; lastKnownFileType = sourcecode.c.objc; path = VideoPlayer.m; sourceTree = "<group>"; };
		DB473A5C233B9DCE00F69151 /* VideoCollectionViewCell.h */ = {isa = PBXFileReference; lastKnownFileType = sourcecode.c.h; path = VideoCollectionViewCell.h; sourceTree = "<group>"; };
		DB473A5D233B9DCE00F69151 /* VideoCollectionViewCell.m */ = {isa = PBXFileReference; lastKnownFileType = sourcecode.c.objc; path = VideoCollectionViewCell.m; sourceTree = "<group>"; };
		DB55999823379407009358D6 /* SimpleApp.app */ = {isa = PBXFileReference; explicitFileType = wrapper.application; includeInIndex = 0; path = SimpleApp.app; sourceTree = BUILT_PRODUCTS_DIR; };
		DB55999B23379407009358D6 /* AppDelegate.h */ = {isa = PBXFileReference; lastKnownFileType = sourcecode.c.h; path = AppDelegate.h; sourceTree = "<group>"; };
		DB55999C23379407009358D6 /* AppDelegate.m */ = {isa = PBXFileReference; lastKnownFileType = sourcecode.c.objc; path = AppDelegate.m; sourceTree = "<group>"; };
		DB55999E23379407009358D6 /* ViewController.h */ = {isa = PBXFileReference; lastKnownFileType = sourcecode.c.h; path = ViewController.h; sourceTree = "<group>"; };
		DB55999F23379407009358D6 /* ViewController.m */ = {isa = PBXFileReference; lastKnownFileType = sourcecode.c.objc; path = ViewController.m; sourceTree = "<group>"; };
		DB5599A223379407009358D6 /* Base */ = {isa = PBXFileReference; lastKnownFileType = file.storyboard; name = Base; path = Base.lproj/Main.storyboard; sourceTree = "<group>"; };
		DB5599A423379409009358D6 /* Assets.xcassets */ = {isa = PBXFileReference; lastKnownFileType = folder.assetcatalog; path = Assets.xcassets; sourceTree = "<group>"; };
		DB5599A923379409009358D6 /* Info.plist */ = {isa = PBXFileReference; lastKnownFileType = text.plist.xml; path = Info.plist; sourceTree = "<group>"; };
		DB5599AA23379409009358D6 /* main.m */ = {isa = PBXFileReference; lastKnownFileType = sourcecode.c.objc; path = main.m; sourceTree = "<group>"; };
		DB5599B123379506009358D6 /* DelCellView.m */ = {isa = PBXFileReference; fileEncoding = 4; lastKnownFileType = sourcecode.c.objc; path = DelCellView.m; sourceTree = "<group>"; };
		DB5599B223379506009358D6 /* DelCellView.h */ = {isa = PBXFileReference; fileEncoding = 4; lastKnownFileType = sourcecode.c.h; path = DelCellView.h; sourceTree = "<group>"; };
		DB5599B423379515009358D6 /* RecommendViewController.h */ = {isa = PBXFileReference; fileEncoding = 4; lastKnownFileType = sourcecode.c.h; path = RecommendViewController.h; sourceTree = "<group>"; };
		DB5599B523379515009358D6 /* RecommendViewController.m */ = {isa = PBXFileReference; fileEncoding = 4; lastKnownFileType = sourcecode.c.objc; path = RecommendViewController.m; sourceTree = "<group>"; };
		DB5599B623379515009358D6 /* VideoViewController.m */ = {isa = PBXFileReference; fileEncoding = 4; lastKnownFileType = sourcecode.c.objc; path = VideoViewController.m; sourceTree = "<group>"; };
		DB5599B723379515009358D6 /* VideoViewController.h */ = {isa = PBXFileReference; fileEncoding = 4; lastKnownFileType = sourcecode.c.h; path = VideoViewController.h; sourceTree = "<group>"; };
		DB5599BD23379674009358D6 /* WkViewController.m */ = {isa = PBXFileReference; fileEncoding = 4; lastKnownFileType = sourcecode.c.objc; path = WkViewController.m; sourceTree = "<group>"; };
		DB5599BE23379674009358D6 /* NormalTableViewCell.h */ = {isa = PBXFileReference; fileEncoding = 4; lastKnownFileType = sourcecode.c.h; path = NormalTableViewCell.h; sourceTree = "<group>"; };
		DB5599BF23379674009358D6 /* NormalTableViewCell.m */ = {isa = PBXFileReference; fileEncoding = 4; lastKnownFileType = sourcecode.c.objc; path = NormalTableViewCell.m; sourceTree = "<group>"; };
		DB5599C023379674009358D6 /* WkViewController.h */ = {isa = PBXFileReference; fileEncoding = 4; lastKnownFileType = sourcecode.c.h; path = WkViewController.h; sourceTree = "<group>"; };
		DB5599C523379746009358D6 /* ListLoader.h */ = {isa = PBXFileReference; lastKnownFileType = sourcecode.c.h; path = ListLoader.h; sourceTree = "<group>"; };
		DB5599C623379746009358D6 /* ListLoader.m */ = {isa = PBXFileReference; lastKnownFileType = sourcecode.c.objc; path = ListLoader.m; sourceTree = "<group>"; };
		DB5599C8233798CF009358D6 /* icon.bundle */ = {isa = PBXFileReference; lastKnownFileType = "wrapper.plug-in"; path = icon.bundle; sourceTree = "<group>"; };
		DB7C2CFF234AE7D2008549E4 /* GTMineViewController.h */ = {isa = PBXFileReference; lastKnownFileType = sourcecode.c.h; path = GTMineViewController.h; sourceTree = "<group>"; };
		DB7C2D00234AE7D2008549E4 /* GTMineViewController.m */ = {isa = PBXFileReference; lastKnownFileType = sourcecode.c.objc; path = GTMineViewController.m; sourceTree = "<group>"; };
		DB7C2D02234AE923008549E4 /* GTLogin.h */ = {isa = PBXFileReference; lastKnownFileType = sourcecode.c.h; path = GTLogin.h; sourceTree = "<group>"; };
		DB7C2D03234AE923008549E4 /* GTLogin.m */ = {isa = PBXFileReference; lastKnownFileType = sourcecode.c.objc; path = GTLogin.m; sourceTree = "<group>"; };
		DB7C2D09234AF5CF008549E4 /* TencentOpenAPI.framework */ = {isa = PBXFileReference; lastKnownFileType = wrapper.framework; path = TencentOpenAPI.framework; sourceTree = "<group>"; };
		DB7C2D0B234B0D5C008549E4 /* GTLocation.h */ = {isa = PBXFileReference; lastKnownFileType = sourcecode.c.h; path = GTLocation.h; sourceTree = "<group>"; };
		DB7C2D0C234B0D5C008549E4 /* GTLocation.m */ = {isa = PBXFileReference; lastKnownFileType = sourcecode.c.objc; path = GTLocation.m; sourceTree = "<group>"; };
		DBC4BA1623473D9200B35C0E /* GTScreen.h */ = {isa = PBXFileReference; lastKnownFileType = sourcecode.c.h; path = GTScreen.h; sourceTree = "<group>"; };
		DBC4BA1723473D9200B35C0E /* GTScreen.m */ = {isa = PBXFileReference; lastKnownFileType = sourcecode.c.objc; path = GTScreen.m; sourceTree = "<group>"; };
		DBC9DE7723482D4F0022F1F8 /* GTMediator.h */ = {isa = PBXFileReference; lastKnownFileType = sourcecode.c.h; path = GTMediator.h; sourceTree = "<group>"; };
		DBC9DE7823482D4F0022F1F8 /* GTMediator.m */ = {isa = PBXFileReference; lastKnownFileType = sourcecode.c.objc; path = GTMediator.m; sourceTree = "<group>"; };
		E47031AF15D1529A72EA3D42 /* Pods-SimpleApp.release.xcconfig */ = {isa = PBXFileReference; includeInIndex = 1; lastKnownFileType = text.xcconfig; name = "Pods-SimpleApp.release.xcconfig"; path = "Target Support Files/Pods-SimpleApp/Pods-SimpleApp.release.xcconfig"; sourceTree = "<group>"; };
		F8BD867391C1632EB1E3B435 /* libPods-SimpleApp.a */ = {isa = PBXFileReference; explicitFileType = archive.ar; includeInIndex = 0; path = "libPods-SimpleApp.a"; sourceTree = BUILT_PRODUCTS_DIR; };
/* End PBXFileReference section */

/* Begin PBXFrameworksBuildPhase section */
		DB55999523379407009358D6 /* Frameworks */ = {
			isa = PBXFrameworksBuildPhase;
			buildActionMask = 2147483647;
			files = (
				DB1B784D2349FA7200082549 /* libGTStatic.a in Frameworks */,
				DB7C2D0A234AF5CF008549E4 /* TencentOpenAPI.framework in Frameworks */,
				EE4DF86B5FD4D310B9EE1D22 /* libPods-SimpleApp.a in Frameworks */,
				DB024571234A08310012D5F6 /* GTFramework.framework in Frameworks */,
			);
			runOnlyForDeploymentPostprocessing = 0;
		};
/* End PBXFrameworksBuildPhase section */

/* Begin PBXGroup section */
		0B91D574600EA4B00E82D0A1 /* Frameworks */ = {
			isa = PBXGroup;
			children = (
				F8BD867391C1632EB1E3B435 /* libPods-SimpleApp.a */,
			);
			name = Frameworks;
			sourceTree = "<group>";
		};
		B7312B8FEF3E1CD6F988F07C /* Pods */ = {
			isa = PBXGroup;
			children = (
				5E76F630E82DB139A5871E17 /* Pods-SimpleApp.debug.xcconfig */,
				E47031AF15D1529A72EA3D42 /* Pods-SimpleApp.release.xcconfig */,
			);
			path = Pods;
			sourceTree = "<group>";
		};
		DB1B78492349FA4600082549 /* GTFramework */ = {
			isa = PBXGroup;
			children = (
				DB7C2D09234AF5CF008549E4 /* TencentOpenAPI.framework */,
				DB02456F234A07E10012D5F6 /* GTFramework.framework */,
				DB1B784C2349FA7200082549 /* GTStatic.h */,
				DB1B784A2349FA7200082549 /* GTStaticTest.h */,
				DB1B784B2349FA7200082549 /* libGTStatic.a */,
			);
			path = GTFramework;
			sourceTree = "<group>";
		};
		DB295219233872E60069A474 /* NewController */ = {
			isa = PBXGroup;
			children = (
				DBD54CBF234830280083A056 /* detail */,
				DB29521C233876780069A474 /* controller */,
				DB29521B233873550069A474 /* view */,
				DB29521A233872FC0069A474 /* model */,
			);
			path = NewController;
			sourceTree = "<group>";
		};
		DB29521A233872FC0069A474 /* model */ = {
			isa = PBXGroup;
			children = (
				DB5599C523379746009358D6 /* ListLoader.h */,
				DB5599C623379746009358D6 /* ListLoader.m */,
				DB29521D2338A9780069A474 /* ListItem.h */,
				DB29521E2338A9780069A474 /* ListItem.m */,
			);
			path = model;
			sourceTree = "<group>";
		};
		DB29521B233873550069A474 /* view */ = {
			isa = PBXGroup;
			children = (
				DB5599B223379506009358D6 /* DelCellView.h */,
				DB5599B123379506009358D6 /* DelCellView.m */,
				DB5599BE23379674009358D6 /* NormalTableViewCell.h */,
				DB5599BF23379674009358D6 /* NormalTableViewCell.m */,
			);
			path = view;
			sourceTree = "<group>";
		};
		DB29521C233876780069A474 /* controller */ = {
			isa = PBXGroup;
			children = (
				DB55999F23379407009358D6 /* ViewController.m */,
				DB55999E23379407009358D6 /* ViewController.h */,
			);
			path = controller;
			sourceTree = "<group>";
		};
		DB473A5B233B961100F69151 /* VideoController */ = {
			isa = PBXGroup;
			children = (
				DB5599B723379515009358D6 /* VideoViewController.h */,
				DB5599B623379515009358D6 /* VideoViewController.m */,
				DB473A5D233B9DCE00F69151 /* VideoCollectionViewCell.m */,
				DB473A5C233B9DCE00F69151 /* VideoCollectionViewCell.h */,
				DB470620233CCE1900625107 /* VideoPlayer.h */,
				DB470621233CCE1900625107 /* VideoPlayer.m */,
				DB13D92A233CF54A007EF789 /* ToolBar.h */,
				DB13D92B233CF54A007EF789 /* ToolBar.m */,
			);
			path = VideoController;
			sourceTree = "<group>";
		};
		DB55998F23379407009358D6 = {
			isa = PBXGroup;
			children = (
				DB55999A23379407009358D6 /* SimpleApp */,
				DB55999923379407009358D6 /* Products */,
				B7312B8FEF3E1CD6F988F07C /* Pods */,
				0B91D574600EA4B00E82D0A1 /* Frameworks */,
			);
			sourceTree = "<group>";
		};
		DB55999923379407009358D6 /* Products */ = {
			isa = PBXGroup;
			children = (
				DB55999823379407009358D6 /* SimpleApp.app */,
			);
			name = Products;
			sourceTree = "<group>";
		};
		DB55999A23379407009358D6 /* SimpleApp */ = {
			isa = PBXGroup;
			children = (
				DB7C2CFE234AE4DB008549E4 /* MIneController */,
				DB1B78492349FA4600082549 /* GTFramework */,
				DBC4BA1523473D4B00B35C0E /* Utils */,
				DB473A5B233B961100F69151 /* VideoController */,
				DB295219233872E60069A474 /* NewController */,
				DB5599B523379515009358D6 /* RecommendViewController.m */,
				DB5599B423379515009358D6 /* RecommendViewController.h */,
				DB55999B23379407009358D6 /* AppDelegate.h */,
				DB55999C23379407009358D6 /* AppDelegate.m */,
				DB5599C8233798CF009358D6 /* icon.bundle */,
				DB5599A123379407009358D6 /* Main.storyboard */,
				DB5599A423379409009358D6 /* Assets.xcassets */,
				DB5599A923379409009358D6 /* Info.plist */,
				DB5599AA23379409009358D6 /* main.m */,
			);
			path = SimpleApp;
			sourceTree = "<group>";
		};
		DB7C2CFE234AE4DB008549E4 /* MIneController */ = {
			isa = PBXGroup;
			children = (
				DB7C2CFF234AE7D2008549E4 /* GTMineViewController.h */,
				DB7C2D00234AE7D2008549E4 /* GTMineViewController.m */,
				DB7C2D02234AE923008549E4 /* GTLogin.h */,
				DB7C2D03234AE923008549E4 /* GTLogin.m */,
			);
			path = MIneController;
			sourceTree = "<group>";
		};
		DBC4BA1523473D4B00B35C0E /* Utils */ = {
			isa = PBXGroup;
			children = (
				DBC4BA1623473D9200B35C0E /* GTScreen.h */,
				DBC4BA1723473D9200B35C0E /* GTScreen.m */,
				DB2E543A234775C200ACE6AC /* GTSplashView.h */,
				DB2E543B234775C200ACE6AC /* GTSplashView.m */,
				DBC9DE7723482D4F0022F1F8 /* GTMediator.h */,
				DBC9DE7823482D4F0022F1F8 /* GTMediator.m */,
				DB7C2D0B234B0D5C008549E4 /* GTLocation.h */,
				DB7C2D0C234B0D5C008549E4 /* GTLocation.m */,
			);
			path = Utils;
			sourceTree = "<group>";
		};
		DBD54CBF234830280083A056 /* detail */ = {
			isa = PBXGroup;
			children = (
				DB5599C023379674009358D6 /* WkViewController.h */,
				DB5599BD23379674009358D6 /* WkViewController.m */,
			);
			path = detail;
			sourceTree = "<group>";
		};
/* End PBXGroup section */

/* Begin PBXNativeTarget section */
		DB55999723379407009358D6 /* SimpleApp */ = {
			isa = PBXNativeTarget;
			buildConfigurationList = DB5599AE23379409009358D6 /* Build configuration list for PBXNativeTarget "SimpleApp" */;
			buildPhases = (
				A963749E6591F5B639489FC7 /* [CP] Check Pods Manifest.lock */,
				DB55999423379407009358D6 /* Sources */,
				DB55999523379407009358D6 /* Frameworks */,
				DB55999623379407009358D6 /* Resources */,
				DB024573234A08310012D5F6 /* Embed Frameworks */,
			);
			buildRules = (
			);
			dependencies = (
			);
			name = SimpleApp;
			productName = SimpleApp;
			productReference = DB55999823379407009358D6 /* SimpleApp.app */;
			productType = "com.apple.product-type.application";
		};
/* End PBXNativeTarget section */

/* Begin PBXProject section */
		DB55999023379407009358D6 /* Project object */ = {
			isa = PBXProject;
			attributes = {
				LastUpgradeCheck = 1010;
				ORGANIZATIONNAME = "杨崇多";
				TargetAttributes = {
					DB55999723379407009358D6 = {
						CreatedOnToolsVersion = 10.1;
					};
				};
			};
			buildConfigurationList = DB55999323379407009358D6 /* Build configuration list for PBXProject "SimpleApp" */;
			compatibilityVersion = "Xcode 9.3";
			developmentRegion = en;
			hasScannedForEncodings = 0;
			knownRegions = (
				en,
				Base,
			);
			mainGroup = DB55998F23379407009358D6;
			productRefGroup = DB55999923379407009358D6 /* Products */;
			projectDirPath = "";
			projectRoot = "";
			targets = (
				DB55999723379407009358D6 /* SimpleApp */,
			);
		};
/* End PBXProject section */

/* Begin PBXResourcesBuildPhase section */
		DB55999623379407009358D6 /* Resources */ = {
			isa = PBXResourcesBuildPhase;
			buildActionMask = 2147483647;
			files = (
				DB5599C9233798CF009358D6 /* icon.bundle in Resources */,
				DB5599A523379409009358D6 /* Assets.xcassets in Resources */,
				DB5599A323379407009358D6 /* Main.storyboard in Resources */,
			);
			runOnlyForDeploymentPostprocessing = 0;
		};
/* End PBXResourcesBuildPhase section */

/* Begin PBXShellScriptBuildPhase section */
		A963749E6591F5B639489FC7 /* [CP] Check Pods Manifest.lock */ = {
			isa = PBXShellScriptBuildPhase;
			buildActionMask = 2147483647;
			files = (
			);
			inputFileListPaths = (
			);
			inputPaths = (
				"${PODS_PODFILE_DIR_PATH}/Podfile.lock",
				"${PODS_ROOT}/Manifest.lock",
			);
			name = "[CP] Check Pods Manifest.lock";
			outputFileListPaths = (
			);
			outputPaths = (
				"$(DERIVED_FILE_DIR)/Pods-SimpleApp-checkManifestLockResult.txt",
			);
			runOnlyForDeploymentPostprocessing = 0;
			shellPath = /bin/sh;
			shellScript = "diff \"${PODS_PODFILE_DIR_PATH}/Podfile.lock\" \"${PODS_ROOT}/Manifest.lock\" > /dev/null\nif [ $? != 0 ] ; then\n    # print error to STDERR\n    echo \"error: The sandbox is not in sync with the Podfile.lock. Run 'pod install' or update your CocoaPods installation.\" >&2\n    exit 1\nfi\n# This output is used by Xcode 'outputs' to avoid re-running this script phase.\necho \"SUCCESS\" > \"${SCRIPT_OUTPUT_FILE_0}\"\n";
			showEnvVarsInLog = 0;
		};
/* End PBXShellScriptBuildPhase section */

/* Begin PBXSourcesBuildPhase section */
		DB55999423379407009358D6 /* Sources */ = {
			isa = PBXSourcesBuildPhase;
			buildActionMask = 2147483647;
			files = (
				DBC4BA1823473D9200B35C0E /* GTScreen.m in Sources */,
				DB5599B323379506009358D6 /* DelCellView.m in Sources */,
				DB5599B823379515009358D6 /* RecommendViewController.m in Sources */,
				DB5599C123379674009358D6 /* WkViewController.m in Sources */,
				DB5599B923379515009358D6 /* VideoViewController.m in Sources */,
				DB5599C223379674009358D6 /* NormalTableViewCell.m in Sources */,
				DB7C2D0D234B0D5C008549E4 /* GTLocation.m in Sources */,
				DB13D92C233CF54A007EF789 /* ToolBar.m in Sources */,
				DBC9DE7923482D4F0022F1F8 /* GTMediator.m in Sources */,
				DB7C2D04234AE923008549E4 /* GTLogin.m in Sources */,
				DB473A5E233B9DCE00F69151 /* VideoCollectionViewCell.m in Sources */,
				DB5599A023379407009358D6 /* ViewController.m in Sources */,
				DB5599AB23379409009358D6 /* main.m in Sources */,
				DB2E543C234775C200ACE6AC /* GTSplashView.m in Sources */,
				DB470622233CCE1900625107 /* VideoPlayer.m in Sources */,
				DB55999D23379407009358D6 /* AppDelegate.m in Sources */,
				DB7C2D01234AE7D2008549E4 /* GTMineViewController.m in Sources */,
				DB29521F2338A9780069A474 /* ListItem.m in Sources */,
				DB5599C723379746009358D6 /* ListLoader.m in Sources */,
			);
			runOnlyForDeploymentPostprocessing = 0;
		};
/* End PBXSourcesBuildPhase section */

/* Begin PBXVariantGroup section */
		DB5599A123379407009358D6 /* Main.storyboard */ = {
			isa = PBXVariantGroup;
			children = (
				DB5599A223379407009358D6 /* Base */,
			);
			name = Main.storyboard;
			sourceTree = "<group>";
		};
/* End PBXVariantGroup section */

/* Begin XCBuildConfiguration section */
		DB5599AC23379409009358D6 /* Debug */ = {
			isa = XCBuildConfiguration;
			buildSettings = {
				ALWAYS_SEARCH_USER_PATHS = NO;
				CLANG_ANALYZER_NONNULL = YES;
				CLANG_ANALYZER_NUMBER_OBJECT_CONVERSION = YES_AGGRESSIVE;
				CLANG_CXX_LANGUAGE_STANDARD = "gnu++14";
				CLANG_CXX_LIBRARY = "libc++";
				CLANG_ENABLE_MODULES = YES;
				CLANG_ENABLE_OBJC_ARC = YES;
				CLANG_ENABLE_OBJC_WEAK = YES;
				CLANG_WARN_BLOCK_CAPTURE_AUTORELEASING = YES;
				CLANG_WARN_BOOL_CONVERSION = YES;
				CLANG_WARN_COMMA = YES;
				CLANG_WARN_CONSTANT_CONVERSION = YES;
				CLANG_WARN_DEPRECATED_OBJC_IMPLEMENTATIONS = YES;
				CLANG_WARN_DIRECT_OBJC_ISA_USAGE = YES_ERROR;
				CLANG_WARN_DOCUMENTATION_COMMENTS = YES;
				CLANG_WARN_EMPTY_BODY = YES;
				CLANG_WARN_ENUM_CONVERSION = YES;
				CLANG_WARN_INFINITE_RECURSION = YES;
				CLANG_WARN_INT_CONVERSION = YES;
				CLANG_WARN_NON_LITERAL_NULL_CONVERSION = YES;
				CLANG_WARN_OBJC_IMPLICIT_RETAIN_SELF = YES;
				CLANG_WARN_OBJC_LITERAL_CONVERSION = YES;
				CLANG_WARN_OBJC_ROOT_CLASS = YES_ERROR;
				CLANG_WARN_RANGE_LOOP_ANALYSIS = YES;
				CLANG_WARN_STRICT_PROTOTYPES = YES;
				CLANG_WARN_SUSPICIOUS_MOVE = YES;
				CLANG_WARN_UNGUARDED_AVAILABILITY = YES_AGGRESSIVE;
				CLANG_WARN_UNREACHABLE_CODE = YES;
				CLANG_WARN__DUPLICATE_METHOD_MATCH = YES;
				CODE_SIGN_IDENTITY = "iPhone Developer";
				COPY_PHASE_STRIP = NO;
				DEBUG_INFORMATION_FORMAT = dwarf;
				ENABLE_STRICT_OBJC_MSGSEND = YES;
				ENABLE_TESTABILITY = YES;
				GCC_C_LANGUAGE_STANDARD = gnu11;
				GCC_DYNAMIC_NO_PIC = NO;
				GCC_NO_COMMON_BLOCKS = YES;
				GCC_OPTIMIZATION_LEVEL = 0;
				GCC_PREPROCESSOR_DEFINITIONS = (
					"DEBUG=1",
					"$(inherited)",
				);
				GCC_WARN_64_TO_32_BIT_CONVERSION = YES;
				GCC_WARN_ABOUT_RETURN_TYPE = YES_ERROR;
				GCC_WARN_UNDECLARED_SELECTOR = YES;
				GCC_WARN_UNINITIALIZED_AUTOS = YES_AGGRESSIVE;
				GCC_WARN_UNUSED_FUNCTION = YES;
				GCC_WARN_UNUSED_VARIABLE = YES;
				IPHONEOS_DEPLOYMENT_TARGET = 12.1;
				MTL_ENABLE_DEBUG_INFO = INCLUDE_SOURCE;
				MTL_FAST_MATH = YES;
				ONLY_ACTIVE_ARCH = YES;
				SDKROOT = iphoneos;
			};
			name = Debug;
		};
		DB5599AD23379409009358D6 /* Release */ = {
			isa = XCBuildConfiguration;
			buildSettings = {
				ALWAYS_SEARCH_USER_PATHS = NO;
				CLANG_ANALYZER_NONNULL = YES;
				CLANG_ANALYZER_NUMBER_OBJECT_CONVERSION = YES_AGGRESSIVE;
				CLANG_CXX_LANGUAGE_STANDARD = "gnu++14";
				CLANG_CXX_LIBRARY = "libc++";
				CLANG_ENABLE_MODULES = YES;
				CLANG_ENABLE_OBJC_ARC = YES;
				CLANG_ENABLE_OBJC_WEAK = YES;
				CLANG_WARN_BLOCK_CAPTURE_AUTORELEASING = YES;
				CLANG_WARN_BOOL_CONVERSION = YES;
				CLANG_WARN_COMMA = YES;
				CLANG_WARN_CONSTANT_CONVERSION = YES;
				CLANG_WARN_DEPRECATED_OBJC_IMPLEMENTATIONS = YES;
				CLANG_WARN_DIRECT_OBJC_ISA_USAGE = YES_ERROR;
				CLANG_WARN_DOCUMENTATION_COMMENTS = YES;
				CLANG_WARN_EMPTY_BODY = YES;
				CLANG_WARN_ENUM_CONVERSION = YES;
				CLANG_WARN_INFINITE_RECURSION = YES;
				CLANG_WARN_INT_CONVERSION = YES;
				CLANG_WARN_NON_LITERAL_NULL_CONVERSION = YES;
				CLANG_WARN_OBJC_IMPLICIT_RETAIN_SELF = YES;
				CLANG_WARN_OBJC_LITERAL_CONVERSION = YES;
				CLANG_WARN_OBJC_ROOT_CLASS = YES_ERROR;
				CLANG_WARN_RANGE_LOOP_ANALYSIS = YES;
				CLANG_WARN_STRICT_PROTOTYPES = YES;
				CLANG_WARN_SUSPICIOUS_MOVE = YES;
				CLANG_WARN_UNGUARDED_AVAILABILITY = YES_AGGRESSIVE;
				CLANG_WARN_UNREACHABLE_CODE = YES;
				CLANG_WARN__DUPLICATE_METHOD_MATCH = YES;
				CODE_SIGN_IDENTITY = "iPhone Developer";
				COPY_PHASE_STRIP = NO;
				DEBUG_INFORMATION_FORMAT = "dwarf-with-dsym";
				ENABLE_NS_ASSERTIONS = NO;
				ENABLE_STRICT_OBJC_MSGSEND = YES;
				GCC_C_LANGUAGE_STANDARD = gnu11;
				GCC_NO_COMMON_BLOCKS = YES;
				GCC_WARN_64_TO_32_BIT_CONVERSION = YES;
				GCC_WARN_ABOUT_RETURN_TYPE = YES_ERROR;
				GCC_WARN_UNDECLARED_SELECTOR = YES;
				GCC_WARN_UNINITIALIZED_AUTOS = YES_AGGRESSIVE;
				GCC_WARN_UNUSED_FUNCTION = YES;
				GCC_WARN_UNUSED_VARIABLE = YES;
				IPHONEOS_DEPLOYMENT_TARGET = 12.1;
				MTL_ENABLE_DEBUG_INFO = NO;
				MTL_FAST_MATH = YES;
				SDKROOT = iphoneos;
				VALIDATE_PRODUCT = YES;
			};
			name = Release;
		};
		DB5599AF23379409009358D6 /* Debug */ = {
			isa = XCBuildConfiguration;
			baseConfigurationReference = 5E76F630E82DB139A5871E17 /* Pods-SimpleApp.debug.xcconfig */;
			buildSettings = {
				ASSETCATALOG_COMPILER_APPICON_NAME = AppIcon;
				ASSETCATALOG_COMPILER_LAUNCHIMAGE_NAME = LaunchImage;
				CODE_SIGN_STYLE = Automatic;
				DEVELOPMENT_TEAM = FVN8ZX9F99;
				FRAMEWORK_SEARCH_PATHS = (
					"$(inherited)",
					"$(PROJECT_DIR)/SimpleApp/GTFramework",
				);
				INFOPLIST_FILE = SimpleApp/Info.plist;
				LD_RUNPATH_SEARCH_PATHS = (
					"$(inherited)",
					"@executable_path/Frameworks",
				);
				LIBRARY_SEARCH_PATHS = (
					"$(inherited)",
					"$(PROJECT_DIR)/SimpleApp/GTFramework",
				);
				PRODUCT_BUNDLE_IDENTIFIER = com.tujia.SimpleApp;
				PRODUCT_NAME = "$(TARGET_NAME)";
				TARGETED_DEVICE_FAMILY = "1,2";
			};
			name = Debug;
		};
		DB5599B023379409009358D6 /* Release */ = {
			isa = XCBuildConfiguration;
			baseConfigurationReference = E47031AF15D1529A72EA3D42 /* Pods-SimpleApp.release.xcconfig */;
			buildSettings = {
				ASSETCATALOG_COMPILER_APPICON_NAME = AppIcon;
				ASSETCATALOG_COMPILER_LAUNCHIMAGE_NAME = LaunchImage;
				CODE_SIGN_STYLE = Automatic;
				DEVELOPMENT_TEAM = FVN8ZX9F99;
				FRAMEWORK_SEARCH_PATHS = (
					"$(inherited)",
					"$(PROJECT_DIR)/SimpleApp/GTFramework",
				);
				INFOPLIST_FILE = SimpleApp/Info.plist;
				LD_RUNPATH_SEARCH_PATHS = (
					"$(inherited)",
					"@executable_path/Frameworks",
				);
				LIBRARY_SEARCH_PATHS = (
					"$(inherited)",
					"$(PROJECT_DIR)/SimpleApp/GTFramework",
				);
				PRODUCT_BUNDLE_IDENTIFIER = com.tujia.SimpleApp;
				PRODUCT_NAME = "$(TARGET_NAME)";
				TARGETED_DEVICE_FAMILY = "1,2";
			};
			name = Release;
		};
/* End XCBuildConfiguration section */

/* Begin XCConfigurationList section */
		DB55999323379407009358D6 /* Build configuration list for PBXProject "SimpleApp" */ = {
			isa = XCConfigurationList;
			buildConfigurations = (
				DB5599AC23379409009358D6 /* Debug */,
				DB5599AD23379409009358D6 /* Release */,
			);
			defaultConfigurationIsVisible = 0;
			defaultConfigurationName = Release;
		};
		DB5599AE23379409009358D6 /* Build configuration list for PBXNativeTarget "SimpleApp" */ = {
			isa = XCConfigurationList;
			buildConfigurations = (
				DB5599AF23379409009358D6 /* Debug */,
				DB5599B023379409009358D6 /* Release */,
			);
			defaultConfigurationIsVisible = 0;
			defaultConfigurationName = Release;
		};
/* End XCConfigurationList section */
	};
	rootObject = DB55999023379407009358D6 /* Project object */;
}
